
Microsoft Visual Studio Solution File, Format Version 12.00
# Visual Studio Version 17
VisualStudioVersion = 17.0.31903.59
MinimumVisualStudioVersion = 10.0.40219.1
Project("{FAE04EC0-301F-11D3-BF4B-00C04F79EFBC}") = "AuthenticationService", "AuthenticationService\AuthenticationService.csproj", "{9CA9253A-4F99-4CE4-90FB-E41BDB4ECCAD}"
EndProject
Project("{FAE04EC0-301F-11D3-BF4B-00C04F79EFBC}") = "BlogService", "BlogService\BlogService.csproj", "{D62C0722-A172-4D0F-983B-A31100A71092}"
EndProject
Project("{FAE04EC0-301F-11D3-BF4B-00C04F79EFBC}") = "Contracts", "Contracts\Contracts.csproj", "{FB0A474F-CBD5-4AD3-8892-03EACB71043E}"
EndProject
Project("{FAE04EC0-301F-11D3-BF4B-00C04F79EFBC}") = "NotificationService", "NotificationService\NotificationService.csproj", "{343773E1-D02A-43F3-9658-690464920D15}"
EndProject
Project("{FAE04EC0-301F-11D3-BF4B-00C04F79EFBC}") = "UserService", "UserService\UserService.csproj", "{9139C318-0CA8-4A19-AFA8-8169EF7DA6D9}"
EndProject
Global
	GlobalSection(SolutionConfigurationPlatforms) = preSolution
		Debug|Any CPU = Debug|Any CPU
		Debug|x64 = Debug|x64
		Debug|x86 = Debug|x86
		Release|Any CPU = Release|Any CPU
		Release|x64 = Release|x64
		Release|x86 = Release|x86
	EndGlobalSection
	GlobalSection(ProjectConfigurationPlatforms) = postSolution
		{9CA9253A-4F99-4CE4-90FB-E41BDB4ECCAD}.Debug|Any CPU.ActiveCfg = Debug|Any CPU
		{9CA9253A-4F99-4CE4-90FB-E41BDB4ECCAD}.Debug|Any CPU.Build.0 = Debug|Any CPU
		{9CA9253A-4F99-4CE4-90FB-E41BDB4ECCAD}.Debug|x64.ActiveCfg = Debug|Any CPU
		{9CA9253A-4F99-4CE4-90FB-E41BDB4ECCAD}.Debug|x64.Build.0 = Debug|Any CPU
		{9CA9253A-4F99-4CE4-90FB-E41BDB4ECCAD}.Debug|x86.ActiveCfg = Debug|Any CPU
		{9CA9253A-4F99-4CE4-90FB-E41BDB4ECCAD}.Debug|x86.Build.0 = Debug|Any CPU
		{9CA9253A-4F99-4CE4-90FB-E41BDB4ECCAD}.Release|Any CPU.ActiveCfg = Release|Any CPU
		{9CA9253A-4F99-4CE4-90FB-E41BDB4ECCAD}.Release|Any CPU.Build.0 = Release|Any CPU
		{9CA9253A-4F99-4CE4-90FB-E41BDB4ECCAD}.Release|x64.ActiveCfg = Release|Any CPU
		{9CA9253A-4F99-4CE4-90FB-E41BDB4ECCAD}.Release|x64.Build.0 = Release|Any CPU
		{9CA9253A-4F99-4CE4-90FB-E41BDB4ECCAD}.Release|x86.ActiveCfg = Release|Any CPU
		{9CA9253A-4F99-4CE4-90FB-E41BDB4ECCAD}.Release|x86.Build.0 = Release|Any CPU
		{D62C0722-A172-4D0F-983B-A31100A71092}.Debug|Any CPU.ActiveCfg = Debug|Any CPU
		{D62C0722-A172-4D0F-983B-A31100A71092}.Debug|Any CPU.Build.0 = Debug|Any CPU
		{D62C0722-A172-4D0F-983B-A31100A71092}.Debug|x64.ActiveCfg = Debug|Any CPU
		{D62C0722-A172-4D0F-983B-A31100A71092}.Debug|x64.Build.0 = Debug|Any CPU
		{D62C0722-A172-4D0F-983B-A31100A71092}.Debug|x86.ActiveCfg = Debug|Any CPU
		{D62C0722-A172-4D0F-983B-A31100A71092}.Debug|x86.Build.0 = Debug|Any CPU
		{D62C0722-A172-4D0F-983B-A31100A71092}.Release|Any CPU.ActiveCfg = Release|Any CPU
		{D62C0722-A172-4D0F-983B-A31100A71092}.Release|Any CPU.Build.0 = Release|Any CPU
		{D62C0722-A172-4D0F-983B-A31100A71092}.Release|x64.ActiveCfg = Release|Any CPU
		{D62C0722-A172-4D0F-983B-A31100A71092}.Release|x64.Build.0 = Release|Any CPU
		{D62C0722-A172-4D0F-983B-A31100A71092}.Release|x86.ActiveCfg = Release|Any CPU
		{D62C0722-A172-4D0F-983B-A31100A71092}.Release|x86.Build.0 = Release|Any CPU
		{FB0A474F-CBD5-4AD3-8892-03EACB71043E}.Debug|Any CPU.ActiveCfg = Debug|Any CPU
		{FB0A474F-CBD5-4AD3-8892-03EACB71043E}.Debug|Any CPU.Build.0 = Debug|Any CPU
		{FB0A474F-CBD5-4AD3-8892-03EACB71043E}.Debug|x64.ActiveCfg = Debug|Any CPU
		{FB0A474F-CBD5-4AD3-8892-03EACB71043E}.Debug|x64.Build.0 = Debug|Any CPU
		{FB0A474F-CBD5-4AD3-8892-03EACB71043E}.Debug|x86.ActiveCfg = Debug|Any CPU
		{FB0A474F-CBD5-4AD3-8892-03EACB71043E}.Debug|x86.Build.0 = Debug|Any CPU
		{FB0A474F-CBD5-4AD3-8892-03EACB71043E}.Release|Any CPU.ActiveCfg = Release|Any CPU
		{FB0A474F-CBD5-4AD3-8892-03EACB71043E}.Release|Any CPU.Build.0 = Release|Any CPU
		{FB0A474F-CBD5-4AD3-8892-03EACB71043E}.Release|x64.ActiveCfg = Release|Any CPU
		{FB0A474F-CBD5-4AD3-8892-03EACB71043E}.Release|x64.Build.0 = Release|Any CPU
		{FB0A474F-CBD5-4AD3-8892-03EACB71043E}.Release|x86.ActiveCfg = Release|Any CPU
		{FB0A474F-CBD5-4AD3-8892-03EACB71043E}.Release|x86.Build.0 = Release|Any CPU
		{343773E1-D02A-43F3-9658-690464920D15}.Debug|Any CPU.ActiveCfg = Debug|Any CPU
		{343773E1-D02A-43F3-9658-690464920D15}.Debug|Any CPU.Build.0 = Debug|Any CPU
		{343773E1-D02A-43F3-9658-690464920D15}.Debug|x64.ActiveCfg = Debug|Any CPU
		{343773E1-D02A-43F3-9658-690464920D15}.Debug|x64.Build.0 = Debug|Any CPU
		{343773E1-D02A-43F3-9658-690464920D15}.Debug|x86.ActiveCfg = Debug|Any CPU
		{343773E1-D02A-43F3-9658-690464920D15}.Debug|x86.Build.0 = Debug|Any CPU
		{343773E1-D02A-43F3-9658-690464920D15}.Release|Any CPU.ActiveCfg = Release|Any CPU
		{343773E1-D02A-43F3-9658-690464920D15}.Release|Any CPU.Build.0 = Release|Any CPU
		{343773E1-D02A-43F3-9658-690464920D15}.Release|x64.ActiveCfg = Release|Any CPU
		{343773E1-D02A-43F3-9658-690464920D15}.Release|x64.Build.0 = Release|Any CPU
		{343773E1-D02A-43F3-9658-690464920D15}.Release|x86.ActiveCfg = Release|Any CPU
		{343773E1-D02A-43F3-9658-690464920D15}.Release|x86.Build.0 = Release|Any CPU
		{9139C318-0CA8-4A19-AFA8-8169EF7DA6D9}.Debug|Any CPU.ActiveCfg = Debug|Any CPU
		{9139C318-0CA8-4A19-AFA8-8169EF7DA6D9}.Debug|Any CPU.Build.0 = Debug|Any CPU
		{9139C318-0CA8-4A19-AFA8-8169EF7DA6D9}.Debug|x64.ActiveCfg = Debug|Any CPU
		{9139C318-0CA8-4A19-AFA8-8169EF7DA6D9}.Debug|x64.Build.0 = Debug|Any CPU
		{9139C318-0CA8-4A19-AFA8-8169EF7DA6D9}.Debug|x86.ActiveCfg = Debug|Any CPU
		{9139C318-0CA8-4A19-AFA8-8169EF7DA6D9}.Debug|x86.Build.0 = Debug|Any CPU
		{9139C318-0CA8-4A19-AFA8-8169EF7DA6D9}.Release|Any CPU.ActiveCfg = Release|Any CPU
		{9139C318-0CA8-4A19-AFA8-8169EF7DA6D9}.Release|Any CPU.Build.0 = Release|Any CPU
		{9139C318-0CA8-4A19-AFA8-8169EF7DA6D9}.Release|x64.ActiveCfg = Release|Any CPU
		{9139C318-0CA8-4A19-AFA8-8169EF7DA6D9}.Release|x64.Build.0 = Release|Any CPU
		{9139C318-0CA8-4A19-AFA8-8169EF7DA6D9}.Release|x86.ActiveCfg = Release|Any CPU
		{9139C318-0CA8-4A19-AFA8-8169EF7DA6D9}.Release|x86.Build.0 = Release|Any CPU
	EndGlobalSection
	GlobalSection(SolutionProperties) = preSolution
		HideSolutionNode = FALSE
	EndGlobalSection
EndGlobal
