
Microsoft Visual Studio Solution File, Format Version 12.00
# Visual Studio Version 17
VisualStudioVersion = 17.0.31903.59
MinimumVisualStudioVersion = 10.0.40219.1
Project("{2150E333-8FDC-42A3-9474-1A3956D46DE8}") = "src", "src", "{827E0CD3-B72D-47B6-A68D-7590B98EB39B}"
EndProject
Project("{FAE04EC0-301F-11D3-BF4B-00C04F79EFBC}") = "Contracts", "src\Contracts\Contracts.csproj", "{326D8C1B-B85E-464A-94AE-4C1E9348EA4A}"
EndProject
Project("{FAE04EC0-301F-11D3-BF4B-00C04F79EFBC}") = "BlogService", "src\BlogService\BlogService.csproj", "{25520CB5-9EB2-4427-97BF-6BD7B8600544}"
EndProject
Project("{2150E333-8FDC-42A3-9474-1A3956D46DE8}") = "tests", "tests", "{0AB3BF05-4346-4AA6-1389-037BE0695223}"
EndProject
Project("{2150E333-8FDC-42A3-9474-1A3956D46DE8}") = "docker", "docker", "{5F3F916C-0321-8A9F-8AC0-501F442D9F72}"
	ProjectSection(SolutionItems) = preProject
		compose.yaml = compose.yaml
	EndProjectSection
EndProject
Project("{FAE04EC0-301F-11D3-BF4B-00C04F79EFBC}") = "NotificationService", "src\NotificationService\NotificationService.csproj", "{B2AADB21-3A02-44BC-9A59-18AABC0F9B4B}"
EndProject
Project("{FAE04EC0-301F-11D3-BF4B-00C04F79EFBC}") = "UserService", "src\UserService\UserService.csproj", "{21DF18D5-18A7-4F94-A1F7-2B4910CD58B8}"
EndProject
Project("{FAE04EC0-301F-11D3-BF4B-00C04F79EFBC}") = "AuthenticationService", "src\AuthenticationService\AuthenticationService.csproj", "{EF7AD067-2783-46AF-879E-43C3BAC843B6}"
EndProject
Global
	GlobalSection(SolutionConfigurationPlatforms) = preSolution
		Debug|Any CPU = Debug|Any CPU
		Debug|x64 = Debug|x64
		Debug|x86 = Debug|x86
		Release|Any CPU = Release|Any CPU
		Release|x64 = Release|x64
		Release|x86 = Release|x86
	EndGlobalSection
	GlobalSection(ProjectConfigurationPlatforms) = postSolution
		{326D8C1B-B85E-464A-94AE-4C1E9348EA4A}.Debug|Any CPU.ActiveCfg = Debug|Any CPU
		{326D8C1B-B85E-464A-94AE-4C1E9348EA4A}.Debug|Any CPU.Build.0 = Debug|Any CPU
		{326D8C1B-B85E-464A-94AE-4C1E9348EA4A}.Debug|x64.ActiveCfg = Debug|Any CPU
		{326D8C1B-B85E-464A-94AE-4C1E9348EA4A}.Debug|x64.Build.0 = Debug|Any CPU
		{326D8C1B-B85E-464A-94AE-4C1E9348EA4A}.Debug|x86.ActiveCfg = Debug|Any CPU
		{326D8C1B-B85E-464A-94AE-4C1E9348EA4A}.Debug|x86.Build.0 = Debug|Any CPU
		{326D8C1B-B85E-464A-94AE-4C1E9348EA4A}.Release|Any CPU.ActiveCfg = Release|Any CPU
		{326D8C1B-B85E-464A-94AE-4C1E9348EA4A}.Release|Any CPU.Build.0 = Release|Any CPU
		{326D8C1B-B85E-464A-94AE-4C1E9348EA4A}.Release|x64.ActiveCfg = Release|Any CPU
		{326D8C1B-B85E-464A-94AE-4C1E9348EA4A}.Release|x64.Build.0 = Release|Any CPU
		{326D8C1B-B85E-464A-94AE-4C1E9348EA4A}.Release|x86.ActiveCfg = Release|Any CPU
		{326D8C1B-B85E-464A-94AE-4C1E9348EA4A}.Release|x86.Build.0 = Release|Any CPU
		{25520CB5-9EB2-4427-97BF-6BD7B8600544}.Debug|Any CPU.ActiveCfg = Debug|Any CPU
		{25520CB5-9EB2-4427-97BF-6BD7B8600544}.Debug|Any CPU.Build.0 = Debug|Any CPU
		{25520CB5-9EB2-4427-97BF-6BD7B8600544}.Debug|x64.ActiveCfg = Debug|Any CPU
		{25520CB5-9EB2-4427-97BF-6BD7B8600544}.Debug|x64.Build.0 = Debug|Any CPU
		{25520CB5-9EB2-4427-97BF-6BD7B8600544}.Debug|x86.ActiveCfg = Debug|Any CPU
		{25520CB5-9EB2-4427-97BF-6BD7B8600544}.Debug|x86.Build.0 = Debug|Any CPU
		{25520CB5-9EB2-4427-97BF-6BD7B8600544}.Release|Any CPU.ActiveCfg = Release|Any CPU
		{25520CB5-9EB2-4427-97BF-6BD7B8600544}.Release|Any CPU.Build.0 = Release|Any CPU
		{25520CB5-9EB2-4427-97BF-6BD7B8600544}.Release|x64.ActiveCfg = Release|Any CPU
		{25520CB5-9EB2-4427-97BF-6BD7B8600544}.Release|x64.Build.0 = Release|Any CPU
		{25520CB5-9EB2-4427-97BF-6BD7B8600544}.Release|x86.ActiveCfg = Release|Any CPU
		{25520CB5-9EB2-4427-97BF-6BD7B8600544}.Release|x86.Build.0 = Release|Any CPU
		{B2AADB21-3A02-44BC-9A59-18AABC0F9B4B}.Debug|Any CPU.ActiveCfg = Debug|Any CPU
		{B2AADB21-3A02-44BC-9A59-18AABC0F9B4B}.Debug|Any CPU.Build.0 = Debug|Any CPU
		{B2AADB21-3A02-44BC-9A59-18AABC0F9B4B}.Debug|x64.ActiveCfg = Debug|Any CPU
		{B2AADB21-3A02-44BC-9A59-18AABC0F9B4B}.Debug|x64.Build.0 = Debug|Any CPU
		{B2AADB21-3A02-44BC-9A59-18AABC0F9B4B}.Debug|x86.ActiveCfg = Debug|Any CPU
		{B2AADB21-3A02-44BC-9A59-18AABC0F9B4B}.Debug|x86.Build.0 = Debug|Any CPU
		{B2AADB21-3A02-44BC-9A59-18AABC0F9B4B}.Release|Any CPU.ActiveCfg = Release|Any CPU
		{B2AADB21-3A02-44BC-9A59-18AABC0F9B4B}.Release|Any CPU.Build.0 = Release|Any CPU
		{B2AADB21-3A02-44BC-9A59-18AABC0F9B4B}.Release|x64.ActiveCfg = Release|Any CPU
		{B2AADB21-3A02-44BC-9A59-18AABC0F9B4B}.Release|x64.Build.0 = Release|Any CPU
		{B2AADB21-3A02-44BC-9A59-18AABC0F9B4B}.Release|x86.ActiveCfg = Release|Any CPU
		{B2AADB21-3A02-44BC-9A59-18AABC0F9B4B}.Release|x86.Build.0 = Release|Any CPU
		{21DF18D5-18A7-4F94-A1F7-2B4910CD58B8}.Debug|Any CPU.ActiveCfg = Debug|Any CPU
		{21DF18D5-18A7-4F94-A1F7-2B4910CD58B8}.Debug|Any CPU.Build.0 = Debug|Any CPU
		{21DF18D5-18A7-4F94-A1F7-2B4910CD58B8}.Debug|x64.ActiveCfg = Debug|Any CPU
		{21DF18D5-18A7-4F94-A1F7-2B4910CD58B8}.Debug|x64.Build.0 = Debug|Any CPU
		{21DF18D5-18A7-4F94-A1F7-2B4910CD58B8}.Debug|x86.ActiveCfg = Debug|Any CPU
		{21DF18D5-18A7-4F94-A1F7-2B4910CD58B8}.Debug|x86.Build.0 = Debug|Any CPU
		{21DF18D5-18A7-4F94-A1F7-2B4910CD58B8}.Release|Any CPU.ActiveCfg = Release|Any CPU
		{21DF18D5-18A7-4F94-A1F7-2B4910CD58B8}.Release|Any CPU.Build.0 = Release|Any CPU
		{21DF18D5-18A7-4F94-A1F7-2B4910CD58B8}.Release|x64.ActiveCfg = Release|Any CPU
		{21DF18D5-18A7-4F94-A1F7-2B4910CD58B8}.Release|x64.Build.0 = Release|Any CPU
		{21DF18D5-18A7-4F94-A1F7-2B4910CD58B8}.Release|x86.ActiveCfg = Release|Any CPU
		{21DF18D5-18A7-4F94-A1F7-2B4910CD58B8}.Release|x86.Build.0 = Release|Any CPU
		{EF7AD067-2783-46AF-879E-43C3BAC843B6}.Debug|Any CPU.ActiveCfg = Debug|Any CPU
		{EF7AD067-2783-46AF-879E-43C3BAC843B6}.Debug|Any CPU.Build.0 = Debug|Any CPU
		{EF7AD067-2783-46AF-879E-43C3BAC843B6}.Debug|x64.ActiveCfg = Debug|Any CPU
		{EF7AD067-2783-46AF-879E-43C3BAC843B6}.Debug|x64.Build.0 = Debug|Any CPU
		{EF7AD067-2783-46AF-879E-43C3BAC843B6}.Debug|x86.ActiveCfg = Debug|Any CPU
		{EF7AD067-2783-46AF-879E-43C3BAC843B6}.Debug|x86.Build.0 = Debug|Any CPU
		{EF7AD067-2783-46AF-879E-43C3BAC843B6}.Release|Any CPU.ActiveCfg = Release|Any CPU
		{EF7AD067-2783-46AF-879E-43C3BAC843B6}.Release|Any CPU.Build.0 = Release|Any CPU
		{EF7AD067-2783-46AF-879E-43C3BAC843B6}.Release|x64.ActiveCfg = Release|Any CPU
		{EF7AD067-2783-46AF-879E-43C3BAC843B6}.Release|x64.Build.0 = Release|Any CPU
		{EF7AD067-2783-46AF-879E-43C3BAC843B6}.Release|x86.ActiveCfg = Release|Any CPU
		{EF7AD067-2783-46AF-879E-43C3BAC843B6}.Release|x86.Build.0 = Release|Any CPU
	EndGlobalSection
	GlobalSection(SolutionProperties) = preSolution
		HideSolutionNode = FALSE
	EndGlobalSection
	GlobalSection(NestedProjects) = preSolution
		{326D8C1B-B85E-464A-94AE-4C1E9348EA4A} = {827E0CD3-B72D-47B6-A68D-7590B98EB39B}
		{25520CB5-9EB2-4427-97BF-6BD7B8600544} = {827E0CD3-B72D-47B6-A68D-7590B98EB39B}
		{B2AADB21-3A02-44BC-9A59-18AABC0F9B4B} = {827E0CD3-B72D-47B6-A68D-7590B98EB39B}
		{21DF18D5-18A7-4F94-A1F7-2B4910CD58B8} = {827E0CD3-B72D-47B6-A68D-7590B98EB39B}
		{EF7AD067-2783-46AF-879E-43C3BAC843B6} = {827E0CD3-B72D-47B6-A68D-7590B98EB39B}
	EndGlobalSection
EndGlobal
